
Microsoft Visual Studio Solution File, Format Version 12.00
# Visual Studio Version 16
VisualStudioVersion = 16.0.29613.14
MinimumVisualStudioVersion = 10.0.40219.1
Project("{FAE04EC0-301F-11D3-BF4B-00C04F79EFBC}") = "DddInPractice.Logic", "DddInPractice.Logic\DddInPractice.Logic.csproj", "{9EA79F2E-3013-4187-B53F-2884A1505D78}"
EndProject
Global
	GlobalSection(SolutionConfigurationPlatforms) = preSolution
		Debug|Any CPU = Debug|Any CPU
		Release|Any CPU = Release|Any CPU
	EndGlobalSection
	GlobalSection(ProjectConfigurationPlatforms) = postSolution
		{9EA79F2E-3013-4187-B53F-2884A1505D78}.Debug|Any CPU.ActiveCfg = Debug|Any CPU
		{9EA79F2E-3013-4187-B53F-2884A1505D78}.Debug|Any CPU.Build.0 = Debug|Any CPU
		{9EA79F2E-3013-4187-B53F-2884A1505D78}.Release|Any CPU.ActiveCfg = Release|Any CPU
		{9EA79F2E-3013-4187-B53F-2884A1505D78}.Release|Any CPU.Build.0 = Release|Any CPU
	EndGlobalSection
	GlobalSection(SolutionProperties) = preSolution
		HideSolutionNode = FALSE
	EndGlobalSection
	GlobalSection(ExtensibilityGlobals) = postSolution
		SolutionGuid = {C240C728-64E1-4600-991B-4242C52B9281}
	EndGlobalSection
EndGlobal
